// !$*UTF8*$!
{
	archiveVersion = 1;
	classes = {
	};
	objectVersion = 56;
	objects = {

/* Begin PBXBuildFile section */
		0092EE572A38AD8400B9F819 /* unitydumpApp.swift in Sources */ = {isa = PBXBuildFile; fileRef = 0092EE562A38AD8400B9F819 /* unitydumpApp.swift */; };
		0092EE592A38AD8400B9F819 /* ContentView.swift in Sources */ = {isa = PBXBuildFile; fileRef = 0092EE582A38AD8400B9F819 /* ContentView.swift */; };
		0092EE5B2A38AD8500B9F819 /* Assets.xcassets in Resources */ = {isa = PBXBuildFile; fileRef = 0092EE5A2A38AD8500B9F819 /* Assets.xcassets */; };
		0092EE5E2A38AD8500B9F819 /* Preview Assets.xcassets in Resources */ = {isa = PBXBuildFile; fileRef = 0092EE5D2A38AD8500B9F819 /* Preview Assets.xcassets */; };
		0096B0E62A3B51DC007B54A7 /* AuxiliaryExecute in Frameworks */ = {isa = PBXBuildFile; productRef = 0096B0E52A3B51DC007B54A7 /* AuxiliaryExecute */; };
		0096B0E92A3BED9F007B54A7 /* CreditsView.swift in Sources */ = {isa = PBXBuildFile; fileRef = 0096B0E82A3BED9F007B54A7 /* CreditsView.swift */; };
		3DE674F72A3C61D9001BCB02 /* iOS-Dump in Resources */ = {isa = PBXBuildFile; fileRef = 3DE674F62A3C61D9001BCB02 /* iOS-Dump */; };
/* End PBXBuildFile section */

/* Begin PBXFileReference section */
		0092EE532A38AD8400B9F819 /* unitydump.app */ = {isa = PBXFileReference; explicitFileType = wrapper.application; includeInIndex = 0; path = unitydump.app; sourceTree = BUILT_PRODUCTS_DIR; };
		0092EE562A38AD8400B9F819 /* unitydumpApp.swift */ = {isa = PBXFileReference; lastKnownFileType = sourcecode.swift; path = unitydumpApp.swift; sourceTree = "<group>"; };
		0092EE582A38AD8400B9F819 /* ContentView.swift */ = {isa = PBXFileReference; lastKnownFileType = sourcecode.swift; path = ContentView.swift; sourceTree = "<group>"; };
		0092EE5A2A38AD8500B9F819 /* Assets.xcassets */ = {isa = PBXFileReference; lastKnownFileType = folder.assetcatalog; path = Assets.xcassets; sourceTree = "<group>"; };
		0092EE5D2A38AD8500B9F819 /* Preview Assets.xcassets */ = {isa = PBXFileReference; lastKnownFileType = folder.assetcatalog; path = "Preview Assets.xcassets"; sourceTree = "<group>"; };
		0096B0E82A3BED9F007B54A7 /* CreditsView.swift */ = {isa = PBXFileReference; lastKnownFileType = sourcecode.swift; path = CreditsView.swift; sourceTree = "<group>"; };
		3DE674F62A3C61D9001BCB02 /* iOS-Dump */ = {isa = PBXFileReference; fileEncoding = 4; lastKnownFileType = text; name = "iOS-Dump"; path = "unitydump/iOS-Dump"; sourceTree = SOURCE_ROOT; };
/* End PBXFileReference section */

/* Begin PBXFrameworksBuildPhase section */
		0092EE502A38AD8400B9F819 /* Frameworks */ = {
			isa = PBXFrameworksBuildPhase;
			buildActionMask = 2147483647;
			files = (
				0096B0E62A3B51DC007B54A7 /* AuxiliaryExecute in Frameworks */,
			);
			runOnlyForDeploymentPostprocessing = 0;
		};
/* End PBXFrameworksBuildPhase section */

/* Begin PBXGroup section */
		0092EE4A2A38AD8400B9F819 = {
			isa = PBXGroup;
			children = (
				0092EE552A38AD8400B9F819 /* unitydump */,
				0092EE542A38AD8400B9F819 /* Products */,
			);
			sourceTree = "<group>";
		};
		0092EE542A38AD8400B9F819 /* Products */ = {
			isa = PBXGroup;
			children = (
				0092EE532A38AD8400B9F819 /* unitydump.app */,
			);
			name = Products;
			sourceTree = "<group>";
		};
		0092EE552A38AD8400B9F819 /* unitydump */ = {
			isa = PBXGroup;
			children = (
				0092EE562A38AD8400B9F819 /* unitydumpApp.swift */,
				0092EE582A38AD8400B9F819 /* ContentView.swift */,
				0096B0E82A3BED9F007B54A7 /* CreditsView.swift */,
				0092EE5A2A38AD8500B9F819 /* Assets.xcassets */,
				3DE674F62A3C61D9001BCB02 /* iOS-Dump */,
				0092EE5C2A38AD8500B9F819 /* Preview Content */,
			);
			path = unitydump;
			sourceTree = "<group>";
		};
		0092EE5C2A38AD8500B9F819 /* Preview Content */ = {
			isa = PBXGroup;
			children = (
				0092EE5D2A38AD8500B9F819 /* Preview Assets.xcassets */,
			);
			path = "Preview Content";
			sourceTree = "<group>";
		};
/* End PBXGroup section */

/* Begin PBXNativeTarget section */
		0092EE522A38AD8400B9F819 /* unitydump */ = {
			isa = PBXNativeTarget;
			buildConfigurationList = 0092EE772A38AD8500B9F819 /* Build configuration list for PBXNativeTarget "unitydump" */;
			buildPhases = (
				0092EE4F2A38AD8400B9F819 /* Sources */,
				0092EE502A38AD8400B9F819 /* Frameworks */,
				0092EE512A38AD8400B9F819 /* Resources */,
			);
			buildRules = (
			);
			dependencies = (
			);
			name = unitydump;
			packageProductDependencies = (
				0096B0E52A3B51DC007B54A7 /* AuxiliaryExecute */,
			);
			productName = unitydump;
			productReference = 0092EE532A38AD8400B9F819 /* unitydump.app */;
			productType = "com.apple.product-type.application";
		};
/* End PBXNativeTarget section */

/* Begin PBXProject section */
		0092EE4B2A38AD8400B9F819 /* Project object */ = {
			isa = PBXProject;
			attributes = {
				BuildIndependentTargetsInParallel = 1;
				LastSwiftUpdateCheck = 1430;
				LastUpgradeCheck = 1430;
				TargetAttributes = {
					0092EE522A38AD8400B9F819 = {
						CreatedOnToolsVersion = 14.3.1;
					};
				};
			};
			buildConfigurationList = 0092EE4E2A38AD8400B9F819 /* Build configuration list for PBXProject "unitydump" */;
			compatibilityVersion = "Xcode 14.0";
			developmentRegion = en;
			hasScannedForEncodings = 0;
			knownRegions = (
				en,
				Base,
			);
			mainGroup = 0092EE4A2A38AD8400B9F819;
			packageReferences = (
				0096B0E42A3B51DC007B54A7 /* XCRemoteSwiftPackageReference "AuxiliaryExecute" */,
			);
			productRefGroup = 0092EE542A38AD8400B9F819 /* Products */;
			projectDirPath = "";
			projectRoot = "";
			targets = (
				0092EE522A38AD8400B9F819 /* unitydump */,
			);
		};
/* End PBXProject section */

/* Begin PBXResourcesBuildPhase section */
		0092EE512A38AD8400B9F819 /* Resources */ = {
			isa = PBXResourcesBuildPhase;
			buildActionMask = 2147483647;
			files = (
				3DE674F72A3C61D9001BCB02 /* iOS-Dump in Resources */,
				0092EE5E2A38AD8500B9F819 /* Preview Assets.xcassets in Resources */,
				0092EE5B2A38AD8500B9F819 /* Assets.xcassets in Resources */,
			);
			runOnlyForDeploymentPostprocessing = 0;
		};
/* End PBXResourcesBuildPhase section */

/* Begin PBXSourcesBuildPhase section */
		0092EE4F2A38AD8400B9F819 /* Sources */ = {
			isa = PBXSourcesBuildPhase;
			buildActionMask = 2147483647;
			files = (
				0092EE592A38AD8400B9F819 /* ContentView.swift in Sources */,
				0096B0E92A3BED9F007B54A7 /* CreditsView.swift in Sources */,
				0092EE572A38AD8400B9F819 /* unitydumpApp.swift in Sources */,
			);
			runOnlyForDeploymentPostprocessing = 0;
		};
/* End PBXSourcesBuildPhase section */

/* Begin XCBuildConfiguration section */
		0092EE752A38AD8500B9F819 /* Debug */ = {
			isa = XCBuildConfiguration;
			buildSettings = {
				ALWAYS_SEARCH_USER_PATHS = NO;
				CLANG_ANALYZER_NONNULL = YES;
				CLANG_ANALYZER_NUMBER_OBJECT_CONVERSION = YES_AGGRESSIVE;
				CLANG_CXX_LANGUAGE_STANDARD = "gnu++20";
				CLANG_ENABLE_MODULES = YES;
				CLANG_ENABLE_OBJC_ARC = YES;
				CLANG_ENABLE_OBJC_WEAK = YES;
				CLANG_WARN_BLOCK_CAPTURE_AUTORELEASING = YES;
				CLANG_WARN_BOOL_CONVERSION = YES;
				CLANG_WARN_COMMA = YES;
				CLANG_WARN_CONSTANT_CONVERSION = YES;
				CLANG_WARN_DEPRECATED_OBJC_IMPLEMENTATIONS = YES;
				CLANG_WARN_DIRECT_OBJC_ISA_USAGE = YES_ERROR;
				CLANG_WARN_DOCUMENTATION_COMMENTS = YES;
				CLANG_WARN_EMPTY_BODY = YES;
				CLANG_WARN_ENUM_CONVERSION = YES;
				CLANG_WARN_INFINITE_RECURSION = YES;
				CLANG_WARN_INT_CONVERSION = YES;
				CLANG_WARN_NON_LITERAL_NULL_CONVERSION = YES;
				CLANG_WARN_OBJC_IMPLICIT_RETAIN_SELF = YES;
				CLANG_WARN_OBJC_LITERAL_CONVERSION = YES;
				CLANG_WARN_OBJC_ROOT_CLASS = YES_ERROR;
				CLANG_WARN_QUOTED_INCLUDE_IN_FRAMEWORK_HEADER = YES;
				CLANG_WARN_RANGE_LOOP_ANALYSIS = YES;
				CLANG_WARN_STRICT_PROTOTYPES = YES;
				CLANG_WARN_SUSPICIOUS_MOVE = YES;
				CLANG_WARN_UNGUARDED_AVAILABILITY = YES_AGGRESSIVE;
				CLANG_WARN_UNREACHABLE_CODE = YES;
				CLANG_WARN__DUPLICATE_METHOD_MATCH = YES;
				COPY_PHASE_STRIP = NO;
				DEBUG_INFORMATION_FORMAT = dwarf;
				ENABLE_STRICT_OBJC_MSGSEND = YES;
				ENABLE_TESTABILITY = YES;
				GCC_C_LANGUAGE_STANDARD = gnu11;
				GCC_DYNAMIC_NO_PIC = NO;
				GCC_NO_COMMON_BLOCKS = YES;
				GCC_OPTIMIZATION_LEVEL = 0;
				GCC_PREPROCESSOR_DEFINITIONS = (
					"DEBUG=1",
					"$(inherited)",
				);
				GCC_WARN_64_TO_32_BIT_CONVERSION = YES;
				GCC_WARN_ABOUT_RETURN_TYPE = YES_ERROR;
				GCC_WARN_UNDECLARED_SELECTOR = YES;
				GCC_WARN_UNINITIALIZED_AUTOS = YES_AGGRESSIVE;
				GCC_WARN_UNUSED_FUNCTION = YES;
				GCC_WARN_UNUSED_VARIABLE = YES;
				IPHONEOS_DEPLOYMENT_TARGET = 14.0;
				MTL_ENABLE_DEBUG_INFO = INCLUDE_SOURCE;
				MTL_FAST_MATH = YES;
				ONLY_ACTIVE_ARCH = YES;
				SDKROOT = iphoneos;
				SWIFT_ACTIVE_COMPILATION_CONDITIONS = DEBUG;
				SWIFT_OPTIMIZATION_LEVEL = "-Onone";
			};
			name = Debug;
		};
		0092EE762A38AD8500B9F819 /* Release */ = {
			isa = XCBuildConfiguration;
			buildSettings = {
				ALWAYS_SEARCH_USER_PATHS = NO;
				CLANG_ANALYZER_NONNULL = YES;
				CLANG_ANALYZER_NUMBER_OBJECT_CONVERSION = YES_AGGRESSIVE;
				CLANG_CXX_LANGUAGE_STANDARD = "gnu++20";
				CLANG_ENABLE_MODULES = YES;
				CLANG_ENABLE_OBJC_ARC = YES;
				CLANG_ENABLE_OBJC_WEAK = YES;
				CLANG_WARN_BLOCK_CAPTURE_AUTORELEASING = YES;
				CLANG_WARN_BOOL_CONVERSION = YES;
				CLANG_WARN_COMMA = YES;
				CLANG_WARN_CONSTANT_CONVERSION = YES;
				CLANG_WARN_DEPRECATED_OBJC_IMPLEMENTATIONS = YES;
				CLANG_WARN_DIRECT_OBJC_ISA_USAGE = YES_ERROR;
				CLANG_WARN_DOCUMENTATION_COMMENTS = YES;
				CLANG_WARN_EMPTY_BODY = YES;
				CLANG_WARN_ENUM_CONVERSION = YES;
				CLANG_WARN_INFINITE_RECURSION = YES;
				CLANG_WARN_INT_CONVERSION = YES;
				CLANG_WARN_NON_LITERAL_NULL_CONVERSION = YES;
				CLANG_WARN_OBJC_IMPLICIT_RETAIN_SELF = YES;
				CLANG_WARN_OBJC_LITERAL_CONVERSION = YES;
				CLANG_WARN_OBJC_ROOT_CLASS = YES_ERROR;
				CLANG_WARN_QUOTED_INCLUDE_IN_FRAMEWORK_HEADER = YES;
				CLANG_WARN_RANGE_LOOP_ANALYSIS = YES;
				CLANG_WARN_STRICT_PROTOTYPES = YES;
				CLANG_WARN_SUSPICIOUS_MOVE = YES;
				CLANG_WARN_UNGUARDED_AVAILABILITY = YES_AGGRESSIVE;
				CLANG_WARN_UNREACHABLE_CODE = YES;
				CLANG_WARN__DUPLICATE_METHOD_MATCH = YES;
				COPY_PHASE_STRIP = NO;
				DEBUG_INFORMATION_FORMAT = "dwarf-with-dsym";
				ENABLE_NS_ASSERTIONS = NO;
				ENABLE_STRICT_OBJC_MSGSEND = YES;
				GCC_C_LANGUAGE_STANDARD = gnu11;
				GCC_NO_COMMON_BLOCKS = YES;
				GCC_WARN_64_TO_32_BIT_CONVERSION = YES;
				GCC_WARN_ABOUT_RETURN_TYPE = YES_ERROR;
				GCC_WARN_UNDECLARED_SELECTOR = YES;
				GCC_WARN_UNINITIALIZED_AUTOS = YES_AGGRESSIVE;
				GCC_WARN_UNUSED_FUNCTION = YES;
				GCC_WARN_UNUSED_VARIABLE = YES;
				IPHONEOS_DEPLOYMENT_TARGET = 14.0;
				MTL_ENABLE_DEBUG_INFO = NO;
				MTL_FAST_MATH = YES;
				SDKROOT = iphoneos;
				SWIFT_COMPILATION_MODE = wholemodule;
				SWIFT_OPTIMIZATION_LEVEL = "-O";
				VALIDATE_PRODUCT = YES;
			};
			name = Release;
		};
		0092EE782A38AD8500B9F819 /* Debug */ = {
			isa = XCBuildConfiguration;
			buildSettings = {
				ASSETCATALOG_COMPILER_APPICON_NAME = AppIcon;
				ASSETCATALOG_COMPILER_GLOBAL_ACCENT_COLOR_NAME = AccentColor;
				CODE_SIGN_IDENTITY = "Apple Development";
				CODE_SIGN_STYLE = Automatic;
				CURRENT_PROJECT_VERSION = 1;
				DEVELOPMENT_ASSET_PATHS = "\"unitydump/Preview Content\"";
				DEVELOPMENT_TEAM = WQL5MJWHM6;
				ENABLE_PREVIEWS = YES;
				GENERATE_INFOPLIST_FILE = YES;
				INFOPLIST_KEY_CFBundleDisplayName = unitydump;
				INFOPLIST_KEY_UIApplicationSceneManifest_Generation = YES;
				INFOPLIST_KEY_UIApplicationSupportsIndirectInputEvents = YES;
				INFOPLIST_KEY_UILaunchScreen_Generation = YES;
				INFOPLIST_KEY_UISupportedInterfaceOrientations_iPad = "UIInterfaceOrientationPortrait UIInterfaceOrientationPortraitUpsideDown UIInterfaceOrientationLandscapeLeft UIInterfaceOrientationLandscapeRight";
				INFOPLIST_KEY_UISupportedInterfaceOrientations_iPhone = "UIInterfaceOrientationPortrait UIInterfaceOrientationLandscapeLeft UIInterfaceOrientationLandscapeRight";
				INFOPLIST_KEY_UIUserInterfaceStyle = Light;
				IPHONEOS_DEPLOYMENT_TARGET = 14.0;
				LD_RUNPATH_SEARCH_PATHS = (
					"$(inherited)",
					"@executable_path/Frameworks",
				);
				MARKETING_VERSION = 1.3;
				PRODUCT_BUNDLE_IDENTIFIER = com.34306.unitydump;
				PRODUCT_NAME = "$(TARGET_NAME)";
				PROVISIONING_PROFILE_SPECIFIER = "";
				SUPPORTED_PLATFORMS = "iphoneos iphonesimulator";
				SUPPORTS_MACCATALYST = NO;
				SUPPORTS_MAC_DESIGNED_FOR_IPHONE_IPAD = NO;
				SUPPORTS_XR_DESIGNED_FOR_IPHONE_IPAD = NO;
				SWIFT_EMIT_LOC_STRINGS = YES;
				SWIFT_VERSION = 5.0;
				TARGETED_DEVICE_FAMILY = "1,2";
			};
			name = Debug;
		};
		0092EE792A38AD8500B9F819 /* Release */ = {
			isa = XCBuildConfiguration;
			buildSettings = {
				ASSETCATALOG_COMPILER_APPICON_NAME = AppIcon;
				ASSETCATALOG_COMPILER_GLOBAL_ACCENT_COLOR_NAME = AccentColor;
				CODE_SIGN_IDENTITY = "Apple Development";
				CODE_SIGN_STYLE = Automatic;
				CURRENT_PROJECT_VERSION = 1;
				DEVELOPMENT_ASSET_PATHS = "\"unitydump/Preview Content\"";
				DEVELOPMENT_TEAM = WQL5MJWHM6;
				ENABLE_PREVIEWS = YES;
				GENERATE_INFOPLIST_FILE = YES;
				INFOPLIST_KEY_CFBundleDisplayName = unitydump;
				INFOPLIST_KEY_UIApplicationSceneManifest_Generation = YES;
				INFOPLIST_KEY_UIApplicationSupportsIndirectInputEvents = YES;
				INFOPLIST_KEY_UILaunchScreen_Generation = YES;
				INFOPLIST_KEY_UISupportedInterfaceOrientations_iPad = "UIInterfaceOrientationPortrait UIInterfaceOrientationPortraitUpsideDown UIInterfaceOrientationLandscapeLeft UIInterfaceOrientationLandscapeRight";
				INFOPLIST_KEY_UISupportedInterfaceOrientations_iPhone = "UIInterfaceOrientationPortrait UIInterfaceOrientationLandscapeLeft UIInterfaceOrientationLandscapeRight";
				INFOPLIST_KEY_UIUserInterfaceStyle = Light;
				IPHONEOS_DEPLOYMENT_TARGET = 14.0;
				LD_RUNPATH_SEARCH_PATHS = (
					"$(inherited)",
					"@executable_path/Frameworks",
				);
				MARKETING_VERSION = 1.3;
				PRODUCT_BUNDLE_IDENTIFIER = com.34306.unitydump;
				PRODUCT_NAME = "$(TARGET_NAME)";
				PROVISIONING_PROFILE_SPECIFIER = "";
				SUPPORTED_PLATFORMS = "iphoneos iphonesimulator";
				SUPPORTS_MACCATALYST = NO;
				SUPPORTS_MAC_DESIGNED_FOR_IPHONE_IPAD = NO;
				SUPPORTS_XR_DESIGNED_FOR_IPHONE_IPAD = NO;
				SWIFT_EMIT_LOC_STRINGS = YES;
				SWIFT_VERSION = 5.0;
				TARGETED_DEVICE_FAMILY = "1,2";
			};
			name = Release;
		};
/* End XCBuildConfiguration section */

/* Begin XCConfigurationList section */
		0092EE4E2A38AD8400B9F819 /* Build configuration list for PBXProject "unitydump" */ = {
			isa = XCConfigurationList;
			buildConfigurations = (
				0092EE752A38AD8500B9F819 /* Debug */,
				0092EE762A38AD8500B9F819 /* Release */,
			);
			defaultConfigurationIsVisible = 0;
			defaultConfigurationName = Release;
		};
		0092EE772A38AD8500B9F819 /* Build configuration list for PBXNativeTarget "unitydump" */ = {
			isa = XCConfigurationList;
			buildConfigurations = (
				0092EE782A38AD8500B9F819 /* Debug */,
				0092EE792A38AD8500B9F819 /* Release */,
			);
			defaultConfigurationIsVisible = 0;
			defaultConfigurationName = Release;
		};
/* End XCConfigurationList section */

/* Begin XCRemoteSwiftPackageReference section */
		0096B0E42A3B51DC007B54A7 /* XCRemoteSwiftPackageReference "AuxiliaryExecute" */ = {
			isa = XCRemoteSwiftPackageReference;
			repositoryURL = "https://github.com/Lakr233/AuxiliaryExecute";
			requirement = {
				kind = upToNextMajorVersion;
				minimumVersion = 2.0.0;
			};
		};
/* End XCRemoteSwiftPackageReference section */

/* Begin XCSwiftPackageProductDependency section */
		0096B0E52A3B51DC007B54A7 /* AuxiliaryExecute */ = {
			isa = XCSwiftPackageProductDependency;
			package = 0096B0E42A3B51DC007B54A7 /* XCRemoteSwiftPackageReference "AuxiliaryExecute" */;
			productName = AuxiliaryExecute;
		};
/* End XCSwiftPackageProductDependency section */
	};
	rootObject = 0092EE4B2A38AD8400B9F819 /* Project object */;
}
